
Microsoft Visual Studio Solution File, Format Version 12.00
# Visual Studio Version 16
VisualStudioVersion = 16.0.30001.183
MinimumVisualStudioVersion = 10.0.40219.1
Project("{9A19103F-16F7-4668-BE54-9A1E7A4F7556}") = "NetCore", "NetCore\NetCore.csproj", "{09ABBCE7-B217-43F1-A51B-CC5BDCD8EE98}"
EndProject
Project("{9A19103F-16F7-4668-BE54-9A1E7A4F7556}") = "NetCore.Test", "NetCore.Test\NetCore.Test.csproj", "{501DEA7E-8985-42A8-8BC9-C073E1B6DFE0}"
EndProject
Project("{9A19103F-16F7-4668-BE54-9A1E7A4F7556}") = "NetCore.Session", "NetCore.Session\NetCore.Session.csproj", "{CC1FEC64-9AD6-4A69-ADF2-038CF67A8590}"
EndProject
Project("{2150E333-8FDC-42A3-9474-1A3956D46DE8}") = "SessionState", "SessionState", "{38D87C7D-D5FE-43B8-80CC-1CE70167FB69}"
EndProject
Project("{9A19103F-16F7-4668-BE54-9A1E7A4F7556}") = "NetCore.Session.Tests", "Session.Tests\NetCore.Session.Tests.csproj", "{C107D019-3B4F-403D-9040-ECB6E86C44E9}"
EndProject
Project("{9A19103F-16F7-4668-BE54-9A1E7A4F7556}") = "NetCore.Session.IntegrationTests", "Session.IntegrationTests\NetCore.Session.IntegrationTests.csproj", "{742B4109-544E-492E-86AC-DC1E0FCCA596}"
EndProject
Project("{9A19103F-16F7-4668-BE54-9A1E7A4F7556}") = "SessionSample", "SessionSample\SessionSample.csproj", "{6D0D1D93-917E-48EE-977C-16F65DB982BE}"
EndProject
Project("{9A19103F-16F7-4668-BE54-9A1E7A4F7556}") = "SessionSampleNoSteeltoe", "SessionSampleNoSteeltoe\SessionSampleNoSteeltoe.csproj", "{A8BF122B-D8E8-4CEF-B60D-32A7560C1D02}"
EndProject
Global
	GlobalSection(SolutionConfigurationPlatforms) = preSolution
		Debug|Any CPU = Debug|Any CPU
		Debug|x64 = Debug|x64
		Debug|x86 = Debug|x86
		Release|Any CPU = Release|Any CPU
		Release|x64 = Release|x64
		Release|x86 = Release|x86
	EndGlobalSection
	GlobalSection(ProjectConfigurationPlatforms) = postSolution
		{09ABBCE7-B217-43F1-A51B-CC5BDCD8EE98}.Debug|Any CPU.ActiveCfg = Debug|Any CPU
		{09ABBCE7-B217-43F1-A51B-CC5BDCD8EE98}.Debug|Any CPU.Build.0 = Debug|Any CPU
		{09ABBCE7-B217-43F1-A51B-CC5BDCD8EE98}.Debug|x64.ActiveCfg = Debug|x64
		{09ABBCE7-B217-43F1-A51B-CC5BDCD8EE98}.Debug|x64.Build.0 = Debug|x64
		{09ABBCE7-B217-43F1-A51B-CC5BDCD8EE98}.Debug|x86.ActiveCfg = Debug|Any CPU
		{09ABBCE7-B217-43F1-A51B-CC5BDCD8EE98}.Debug|x86.Build.0 = Debug|Any CPU
		{09ABBCE7-B217-43F1-A51B-CC5BDCD8EE98}.Release|Any CPU.ActiveCfg = Release|Any CPU
		{09ABBCE7-B217-43F1-A51B-CC5BDCD8EE98}.Release|Any CPU.Build.0 = Release|Any CPU
		{09ABBCE7-B217-43F1-A51B-CC5BDCD8EE98}.Release|x64.ActiveCfg = Release|Any CPU
		{09ABBCE7-B217-43F1-A51B-CC5BDCD8EE98}.Release|x64.Build.0 = Release|Any CPU
		{09ABBCE7-B217-43F1-A51B-CC5BDCD8EE98}.Release|x86.ActiveCfg = Release|Any CPU
		{09ABBCE7-B217-43F1-A51B-CC5BDCD8EE98}.Release|x86.Build.0 = Release|Any CPU
		{501DEA7E-8985-42A8-8BC9-C073E1B6DFE0}.Debug|Any CPU.ActiveCfg = Debug|Any CPU
		{501DEA7E-8985-42A8-8BC9-C073E1B6DFE0}.Debug|Any CPU.Build.0 = Debug|Any CPU
		{501DEA7E-8985-42A8-8BC9-C073E1B6DFE0}.Debug|x64.ActiveCfg = Debug|x64
		{501DEA7E-8985-42A8-8BC9-C073E1B6DFE0}.Debug|x64.Build.0 = Debug|x64
		{501DEA7E-8985-42A8-8BC9-C073E1B6DFE0}.Debug|x86.ActiveCfg = Debug|Any CPU
		{501DEA7E-8985-42A8-8BC9-C073E1B6DFE0}.Debug|x86.Build.0 = Debug|Any CPU
		{501DEA7E-8985-42A8-8BC9-C073E1B6DFE0}.Release|Any CPU.ActiveCfg = Release|Any CPU
		{501DEA7E-8985-42A8-8BC9-C073E1B6DFE0}.Release|Any CPU.Build.0 = Release|Any CPU
		{501DEA7E-8985-42A8-8BC9-C073E1B6DFE0}.Release|x64.ActiveCfg = Release|Any CPU
		{501DEA7E-8985-42A8-8BC9-C073E1B6DFE0}.Release|x64.Build.0 = Release|Any CPU
		{501DEA7E-8985-42A8-8BC9-C073E1B6DFE0}.Release|x86.ActiveCfg = Release|Any CPU
		{501DEA7E-8985-42A8-8BC9-C073E1B6DFE0}.Release|x86.Build.0 = Release|Any CPU
		{CC1FEC64-9AD6-4A69-ADF2-038CF67A8590}.Debug|Any CPU.ActiveCfg = Debug|Any CPU
		{CC1FEC64-9AD6-4A69-ADF2-038CF67A8590}.Debug|Any CPU.Build.0 = Debug|Any CPU
		{CC1FEC64-9AD6-4A69-ADF2-038CF67A8590}.Debug|x64.ActiveCfg = Debug|x64
		{CC1FEC64-9AD6-4A69-ADF2-038CF67A8590}.Debug|x64.Build.0 = Debug|x64
		{CC1FEC64-9AD6-4A69-ADF2-038CF67A8590}.Debug|x86.ActiveCfg = Debug|Any CPU
		{CC1FEC64-9AD6-4A69-ADF2-038CF67A8590}.Debug|x86.Build.0 = Debug|Any CPU
		{CC1FEC64-9AD6-4A69-ADF2-038CF67A8590}.Release|Any CPU.ActiveCfg = Release|Any CPU
		{CC1FEC64-9AD6-4A69-ADF2-038CF67A8590}.Release|Any CPU.Build.0 = Release|Any CPU
		{CC1FEC64-9AD6-4A69-ADF2-038CF67A8590}.Release|x64.ActiveCfg = Release|Any CPU
		{CC1FEC64-9AD6-4A69-ADF2-038CF67A8590}.Release|x64.Build.0 = Release|Any CPU
		{CC1FEC64-9AD6-4A69-ADF2-038CF67A8590}.Release|x86.ActiveCfg = Release|Any CPU
		{CC1FEC64-9AD6-4A69-ADF2-038CF67A8590}.Release|x86.Build.0 = Release|Any CPU
		{C107D019-3B4F-403D-9040-ECB6E86C44E9}.Debug|Any CPU.ActiveCfg = Debug|Any CPU
		{C107D019-3B4F-403D-9040-ECB6E86C44E9}.Debug|Any CPU.Build.0 = Debug|Any CPU
		{C107D019-3B4F-403D-9040-ECB6E86C44E9}.Debug|x64.ActiveCfg = Debug|x64
		{C107D019-3B4F-403D-9040-ECB6E86C44E9}.Debug|x64.Build.0 = Debug|x64
		{C107D019-3B4F-403D-9040-ECB6E86C44E9}.Debug|x86.ActiveCfg = Debug|Any CPU
		{C107D019-3B4F-403D-9040-ECB6E86C44E9}.Debug|x86.Build.0 = Debug|Any CPU
		{C107D019-3B4F-403D-9040-ECB6E86C44E9}.Release|Any CPU.ActiveCfg = Release|Any CPU
		{C107D019-3B4F-403D-9040-ECB6E86C44E9}.Release|Any CPU.Build.0 = Release|Any CPU
		{C107D019-3B4F-403D-9040-ECB6E86C44E9}.Release|x64.ActiveCfg = Release|Any CPU
		{C107D019-3B4F-403D-9040-ECB6E86C44E9}.Release|x64.Build.0 = Release|Any CPU
		{C107D019-3B4F-403D-9040-ECB6E86C44E9}.Release|x86.ActiveCfg = Release|Any CPU
		{C107D019-3B4F-403D-9040-ECB6E86C44E9}.Release|x86.Build.0 = Release|Any CPU
		{742B4109-544E-492E-86AC-DC1E0FCCA596}.Debug|Any CPU.ActiveCfg = Debug|Any CPU
		{742B4109-544E-492E-86AC-DC1E0FCCA596}.Debug|Any CPU.Build.0 = Debug|Any CPU
		{742B4109-544E-492E-86AC-DC1E0FCCA596}.Debug|x64.ActiveCfg = Debug|x64
		{742B4109-544E-492E-86AC-DC1E0FCCA596}.Debug|x64.Build.0 = Debug|x64
		{742B4109-544E-492E-86AC-DC1E0FCCA596}.Debug|x86.ActiveCfg = Debug|Any CPU
		{742B4109-544E-492E-86AC-DC1E0FCCA596}.Debug|x86.Build.0 = Debug|Any CPU
		{742B4109-544E-492E-86AC-DC1E0FCCA596}.Release|Any CPU.ActiveCfg = Release|Any CPU
		{742B4109-544E-492E-86AC-DC1E0FCCA596}.Release|Any CPU.Build.0 = Release|Any CPU
		{742B4109-544E-492E-86AC-DC1E0FCCA596}.Release|x64.ActiveCfg = Release|Any CPU
		{742B4109-544E-492E-86AC-DC1E0FCCA596}.Release|x64.Build.0 = Release|Any CPU
		{742B4109-544E-492E-86AC-DC1E0FCCA596}.Release|x86.ActiveCfg = Release|Any CPU
		{742B4109-544E-492E-86AC-DC1E0FCCA596}.Release|x86.Build.0 = Release|Any CPU
		{6D0D1D93-917E-48EE-977C-16F65DB982BE}.Debug|Any CPU.ActiveCfg = Debug|Any CPU
		{6D0D1D93-917E-48EE-977C-16F65DB982BE}.Debug|Any CPU.Build.0 = Debug|Any CPU
		{6D0D1D93-917E-48EE-977C-16F65DB982BE}.Debug|x64.ActiveCfg = Debug|x64
		{6D0D1D93-917E-48EE-977C-16F65DB982BE}.Debug|x64.Build.0 = Debug|x64
		{6D0D1D93-917E-48EE-977C-16F65DB982BE}.Debug|x86.ActiveCfg = Debug|x86
		{6D0D1D93-917E-48EE-977C-16F65DB982BE}.Debug|x86.Build.0 = Debug|x86
		{6D0D1D93-917E-48EE-977C-16F65DB982BE}.Release|Any CPU.ActiveCfg = Release|Any CPU
		{6D0D1D93-917E-48EE-977C-16F65DB982BE}.Release|Any CPU.Build.0 = Release|Any CPU
		{6D0D1D93-917E-48EE-977C-16F65DB982BE}.Release|x64.ActiveCfg = Release|x64
		{6D0D1D93-917E-48EE-977C-16F65DB982BE}.Release|x64.Build.0 = Release|x64
		{6D0D1D93-917E-48EE-977C-16F65DB982BE}.Release|x86.ActiveCfg = Release|x86
		{6D0D1D93-917E-48EE-977C-16F65DB982BE}.Release|x86.Build.0 = Release|x86
		{A8BF122B-D8E8-4CEF-B60D-32A7560C1D02}.Debug|Any CPU.ActiveCfg = Debug|x64
		{A8BF122B-D8E8-4CEF-B60D-32A7560C1D02}.Debug|x64.ActiveCfg = Debug|x64
		{A8BF122B-D8E8-4CEF-B60D-32A7560C1D02}.Debug|x64.Build.0 = Debug|x64
		{A8BF122B-D8E8-4CEF-B60D-32A7560C1D02}.Debug|x86.ActiveCfg = Debug|x64
		{A8BF122B-D8E8-4CEF-B60D-32A7560C1D02}.Release|Any CPU.ActiveCfg = Release|x64
		{A8BF122B-D8E8-4CEF-B60D-32A7560C1D02}.Release|x64.ActiveCfg = Release|x64
		{A8BF122B-D8E8-4CEF-B60D-32A7560C1D02}.Release|x64.Build.0 = Release|x64
		{A8BF122B-D8E8-4CEF-B60D-32A7560C1D02}.Release|x86.ActiveCfg = Release|x64
	EndGlobalSection
	GlobalSection(SolutionProperties) = preSolution
		HideSolutionNode = FALSE
	EndGlobalSection
	GlobalSection(NestedProjects) = preSolution
		{CC1FEC64-9AD6-4A69-ADF2-038CF67A8590} = {38D87C7D-D5FE-43B8-80CC-1CE70167FB69}
		{C107D019-3B4F-403D-9040-ECB6E86C44E9} = {38D87C7D-D5FE-43B8-80CC-1CE70167FB69}
		{742B4109-544E-492E-86AC-DC1E0FCCA596} = {38D87C7D-D5FE-43B8-80CC-1CE70167FB69}
		{6D0D1D93-917E-48EE-977C-16F65DB982BE} = {38D87C7D-D5FE-43B8-80CC-1CE70167FB69}
		{A8BF122B-D8E8-4CEF-B60D-32A7560C1D02} = {38D87C7D-D5FE-43B8-80CC-1CE70167FB69}
	EndGlobalSection
	GlobalSection(ExtensibilityGlobals) = postSolution
		SolutionGuid = {B30A49F0-1C96-4D6C-A222-0088B1D7FBBE}
	EndGlobalSection
EndGlobal
